// !$*UTF8*$!
{
	archiveVersion = 1;
	classes = {
	};
	objectVersion = 51;
	objects = {

/* Begin PBXBuildFile section */
		78A4772FF30B709CA2EC28BB /* Pods_Instagram_CloneTests.framework in Frameworks */ = {isa = PBXBuildFile; fileRef = A0DC5B0F1BE853D35BF47F23 /* Pods_Instagram_CloneTests.framework */; };
		AB491120FC9661031E54E52C /* Pods_Instagram_Clone_Instagram_CloneUITests.framework in Frameworks */ = {isa = PBXBuildFile; fileRef = 1F6BE7FFCA31EAB7C77010B7 /* Pods_Instagram_Clone_Instagram_CloneUITests.framework */; };
		CF1B88D0272DFE64001DF2AD /* AppDelegate.swift in Sources */ = {isa = PBXBuildFile; fileRef = CF1B88CF272DFE64001DF2AD /* AppDelegate.swift */; };
		CF1B88D2272DFE64001DF2AD /* SceneDelegate.swift in Sources */ = {isa = PBXBuildFile; fileRef = CF1B88D1272DFE64001DF2AD /* SceneDelegate.swift */; };
		CF1B88D4272DFE64001DF2AD /* HomeViewController.swift in Sources */ = {isa = PBXBuildFile; fileRef = CF1B88D3272DFE64001DF2AD /* HomeViewController.swift */; };
		CF1B88D7272DFE64001DF2AD /* Main.storyboard in Resources */ = {isa = PBXBuildFile; fileRef = CF1B88D5272DFE64001DF2AD /* Main.storyboard */; };
		CF1B88D9272DFE66001DF2AD /* Assets.xcassets in Resources */ = {isa = PBXBuildFile; fileRef = CF1B88D8272DFE66001DF2AD /* Assets.xcassets */; };
		CF1B88DC272DFE66001DF2AD /* LaunchScreen.storyboard in Resources */ = {isa = PBXBuildFile; fileRef = CF1B88DA272DFE66001DF2AD /* LaunchScreen.storyboard */; };
		CF1B88E7272DFE66001DF2AD /* Instagram_CloneTests.swift in Sources */ = {isa = PBXBuildFile; fileRef = CF1B88E6272DFE66001DF2AD /* Instagram_CloneTests.swift */; };
		CF1B88F2272DFE66001DF2AD /* Instagram_CloneUITests.swift in Sources */ = {isa = PBXBuildFile; fileRef = CF1B88F1272DFE66001DF2AD /* Instagram_CloneUITests.swift */; };
		CF1B8905272E0055001DF2AD /* ExploreViewController.swift in Sources */ = {isa = PBXBuildFile; fileRef = CF1B8904272E0055001DF2AD /* ExploreViewController.swift */; };
		CF1B8907272E006C001DF2AD /* CameraViewController.swift in Sources */ = {isa = PBXBuildFile; fileRef = CF1B8906272E006C001DF2AD /* CameraViewController.swift */; };
		CF1B8909272E0082001DF2AD /* NotificationViewController.swift in Sources */ = {isa = PBXBuildFile; fileRef = CF1B8908272E0082001DF2AD /* NotificationViewController.swift */; };
		CF1B890B272E008C001DF2AD /* ProfileViewController.swift in Sources */ = {isa = PBXBuildFile; fileRef = CF1B890A272E008C001DF2AD /* ProfileViewController.swift */; };
		CF1B8910272E010C001DF2AD /* LoginViewController.swift in Sources */ = {isa = PBXBuildFile; fileRef = CF1B890F272E010C001DF2AD /* LoginViewController.swift */; };
		CF1B8912272E0119001DF2AD /* RegistrationViewController.swift in Sources */ = {isa = PBXBuildFile; fileRef = CF1B8911272E0119001DF2AD /* RegistrationViewController.swift */; };
		CF1B8914272E013A001DF2AD /* PostViewController.swift in Sources */ = {isa = PBXBuildFile; fileRef = CF1B8913272E013A001DF2AD /* PostViewController.swift */; };
		CF1B8916272E0150001DF2AD /* EditProfileViewController.swift in Sources */ = {isa = PBXBuildFile; fileRef = CF1B8915272E0150001DF2AD /* EditProfileViewController.swift */; };
		CF1B8918272E015C001DF2AD /* SettingsViewController.swift in Sources */ = {isa = PBXBuildFile; fileRef = CF1B8917272E015C001DF2AD /* SettingsViewController.swift */; };
		CF1B891A272E0175001DF2AD /* ListViewController.swift in Sources */ = {isa = PBXBuildFile; fileRef = CF1B8919272E0175001DF2AD /* ListViewController.swift */; };
		CF1B891C272E0180001DF2AD /* SearchViewController.swift in Sources */ = {isa = PBXBuildFile; fileRef = CF1B891B272E0180001DF2AD /* SearchViewController.swift */; };
		CF1B891E272E0196001DF2AD /* SearchResultViewController.swift in Sources */ = {isa = PBXBuildFile; fileRef = CF1B891D272E0196001DF2AD /* SearchResultViewController.swift */; };
		CF1B8920272E01B4001DF2AD /* PostEditorViewController.swift in Sources */ = {isa = PBXBuildFile; fileRef = CF1B891F272E01B4001DF2AD /* PostEditorViewController.swift */; };
		CF1B8922272E01CF001DF2AD /* PublishPostViewController.swift in Sources */ = {isa = PBXBuildFile; fileRef = CF1B8921272E01CF001DF2AD /* PublishPostViewController.swift */; };
		CF412EBF2738923E00BACEFC /* UserFollowCell.swift in Sources */ = {isa = PBXBuildFile; fileRef = CF412EBD2738923E00BACEFC /* UserFollowCell.swift */; };
		CF412EC02738923E00BACEFC /* UserFollowCell.xib in Resources */ = {isa = PBXBuildFile; fileRef = CF412EBE2738923E00BACEFC /* UserFollowCell.xib */; };
		CF416812273C10CC00322193 /* NoNotificationView.swift in Sources */ = {isa = PBXBuildFile; fileRef = CF416811273C10CC00322193 /* NoNotificationView.swift */; };
		CF416815273C1E0800322193 /* NotificationFollowEventCell.swift in Sources */ = {isa = PBXBuildFile; fileRef = CF416813273C1E0800322193 /* NotificationFollowEventCell.swift */; };
		CF416816273C1E0800322193 /* NotificationFollowEventCell.xib in Resources */ = {isa = PBXBuildFile; fileRef = CF416814273C1E0800322193 /* NotificationFollowEventCell.xib */; };
		CF416819273C1ED500322193 /* NotificationLikeEventCell.swift in Sources */ = {isa = PBXBuildFile; fileRef = CF416817273C1ED500322193 /* NotificationLikeEventCell.swift */; };
		CF41681A273C1ED500322193 /* NotificationLikeEventCell.xib in Resources */ = {isa = PBXBuildFile; fileRef = CF416818273C1ED500322193 /* NotificationLikeEventCell.xib */; };
		CF54E31F272F08CE003D9C31 /* GoogleService-Info.plist in Resources */ = {isa = PBXBuildFile; fileRef = CF54E31E272F08CE003D9C31 /* GoogleService-Info.plist */; };
		CF54E322272F1090003D9C31 /* DatabaseManager.swift in Sources */ = {isa = PBXBuildFile; fileRef = CF54E321272F1090003D9C31 /* DatabaseManager.swift */; };
		CF54E324272F141A003D9C31 /* AuthManager.swift in Sources */ = {isa = PBXBuildFile; fileRef = CF54E323272F141A003D9C31 /* AuthManager.swift */; };
		CF54E326272F1460003D9C31 /* StorageManager.swift in Sources */ = {isa = PBXBuildFile; fileRef = CF54E325272F1460003D9C31 /* StorageManager.swift */; };
		CF54E328272F20FD003D9C31 /* Onboarding.storyboard in Resources */ = {isa = PBXBuildFile; fileRef = CF54E327272F20FD003D9C31 /* Onboarding.storyboard */; };
		CF7C7523273359AB00432CCB /* IgFeedPostCell.swift in Sources */ = {isa = PBXBuildFile; fileRef = CF7C7521273359AB00432CCB /* IgFeedPostCell.swift */; };
		CF7C7524273359AB00432CCB /* IgFeedPostCell.xib in Resources */ = {isa = PBXBuildFile; fileRef = CF7C7522273359AB00432CCB /* IgFeedPostCell.xib */; };
		CF7C752827335C1500432CCB /* IgFeedPostHeaderCell.swift in Sources */ = {isa = PBXBuildFile; fileRef = CF7C752627335C1500432CCB /* IgFeedPostHeaderCell.swift */; };
		CF7C752927335C1500432CCB /* IgFeedPostHeaderCell.xib in Resources */ = {isa = PBXBuildFile; fileRef = CF7C752727335C1500432CCB /* IgFeedPostHeaderCell.xib */; };
		CF7C752C27335C6300432CCB /* IgFeedPostActionsCell.swift in Sources */ = {isa = PBXBuildFile; fileRef = CF7C752A27335C6300432CCB /* IgFeedPostActionsCell.swift */; };
		CF7C752D27335C6300432CCB /* IgFeedPostActionsCell.xib in Resources */ = {isa = PBXBuildFile; fileRef = CF7C752B27335C6300432CCB /* IgFeedPostActionsCell.xib */; };
		CF7C753027335C7600432CCB /* IgFeedPostGeneralCell.swift in Sources */ = {isa = PBXBuildFile; fileRef = CF7C752E27335C7600432CCB /* IgFeedPostGeneralCell.swift */; };
		CF7C753127335C7600432CCB /* IgFeedPostGeneralCell.xib in Resources */ = {isa = PBXBuildFile; fileRef = CF7C752F27335C7600432CCB /* IgFeedPostGeneralCell.xib */; };
		CFA08A6F2BE5FDE8E66B7ADC /* Pods_Instagram_Clone.framework in Frameworks */ = {isa = PBXBuildFile; fileRef = 17C5549972FEAA8A264CBB4A /* Pods_Instagram_Clone.framework */; };
		CFDEFAA42731DBBD00935AED /* General.storyboard in Resources */ = {isa = PBXBuildFile; fileRef = CFDEFAA32731DBBD00935AED /* General.storyboard */; };
		CFDEFAA72731DF5500935AED /* SettingCell.swift in Sources */ = {isa = PBXBuildFile; fileRef = CFDEFAA52731DF5500935AED /* SettingCell.swift */; };
		CFDEFAA82731DF5500935AED /* SettingCell.xib in Resources */ = {isa = PBXBuildFile; fileRef = CFDEFAA62731DF5500935AED /* SettingCell.xib */; };
		CFDEFAAB2731E6A600935AED /* SettingHeaderCell.swift in Sources */ = {isa = PBXBuildFile; fileRef = CFDEFAA92731E6A600935AED /* SettingHeaderCell.swift */; };
		CFDEFAAC2731E6A600935AED /* SettingHeaderCell.xib in Resources */ = {isa = PBXBuildFile; fileRef = CFDEFAAA2731E6A600935AED /* SettingHeaderCell.xib */; };
		CFE5234C273738E5006AD0D9 /* Models.swift in Sources */ = {isa = PBXBuildFile; fileRef = CFE5234B273738E5006AD0D9 /* Models.swift */; };
		CFE73A1B27303A6500C62961 /* Localizable.strings in Resources */ = {isa = PBXBuildFile; fileRef = CFE73A1D27303A6500C62961 /* Localizable.strings */; };
		CFE73A222730456800C62961 /* AppHelper.swift in Sources */ = {isa = PBXBuildFile; fileRef = CFE73A212730456800C62961 /* AppHelper.swift */; };
		CFE73A262730E25400C62961 /* Extensions.swift in Sources */ = {isa = PBXBuildFile; fileRef = CFE73A252730E25400C62961 /* Extensions.swift */; };
		CFFD70372736225B00DB40FF /* PhotoCollectionViewCell.swift in Sources */ = {isa = PBXBuildFile; fileRef = CFFD70352736225B00DB40FF /* PhotoCollectionViewCell.swift */; };
		CFFD70382736225B00DB40FF /* PhotoCollectionViewCell.xib in Resources */ = {isa = PBXBuildFile; fileRef = CFFD70362736225B00DB40FF /* PhotoCollectionViewCell.xib */; };
		CFFD703B273622B400DB40FF /* ProfileInfoHeaderCollectionReusableView.swift in Sources */ = {isa = PBXBuildFile; fileRef = CFFD7039273622B400DB40FF /* ProfileInfoHeaderCollectionReusableView.swift */; };
		CFFD703C273622B400DB40FF /* ProfileInfoHeaderCollectionReusableView.xib in Resources */ = {isa = PBXBuildFile; fileRef = CFFD703A273622B400DB40FF /* ProfileInfoHeaderCollectionReusableView.xib */; };
		CFFD703F2736231800DB40FF /* ProfileTabsCollectionReusableView.swift in Sources */ = {isa = PBXBuildFile; fileRef = CFFD703D2736231800DB40FF /* ProfileTabsCollectionReusableView.swift */; };
		CFFD70402736231800DB40FF /* ProfileTabsCollectionReusableView.xib in Resources */ = {isa = PBXBuildFile; fileRef = CFFD703E2736231800DB40FF /* ProfileTabsCollectionReusableView.xib */; };
		CFFFE021273439B300733DE0 /* Constants.swift in Sources */ = {isa = PBXBuildFile; fileRef = CFFFE020273439B300733DE0 /* Constants.swift */; };
		CFFFE025273451D700733DE0 /* EditProfileCell.swift in Sources */ = {isa = PBXBuildFile; fileRef = CFFFE023273451D700733DE0 /* EditProfileCell.swift */; };
		CFFFE026273451D700733DE0 /* EditProfileCell.xib in Resources */ = {isa = PBXBuildFile; fileRef = CFFFE024273451D700733DE0 /* EditProfileCell.xib */; };
		CFFFE029273451F100733DE0 /* EditProfileHeaderCell.swift in Sources */ = {isa = PBXBuildFile; fileRef = CFFFE027273451F100733DE0 /* EditProfileHeaderCell.swift */; };
		CFFFE02A273451F100733DE0 /* EditProfileHeaderCell.xib in Resources */ = {isa = PBXBuildFile; fileRef = CFFFE028273451F100733DE0 /* EditProfileHeaderCell.xib */; };
		CFFFE02C2734578F00733DE0 /* Protocols.swift in Sources */ = {isa = PBXBuildFile; fileRef = CFFFE02B2734578F00733DE0 /* Protocols.swift */; };
/* End PBXBuildFile section */

/* Begin PBXContainerItemProxy section */
		CF1B88E3272DFE66001DF2AD /* PBXContainerItemProxy */ = {
			isa = PBXContainerItemProxy;
			containerPortal = CF1B88C4272DFE64001DF2AD /* Project object */;
			proxyType = 1;
			remoteGlobalIDString = CF1B88CB272DFE64001DF2AD;
			remoteInfo = "Instagram Clone";
		};
		CF1B88EE272DFE66001DF2AD /* PBXContainerItemProxy */ = {
			isa = PBXContainerItemProxy;
			containerPortal = CF1B88C4272DFE64001DF2AD /* Project object */;
			proxyType = 1;
			remoteGlobalIDString = CF1B88CB272DFE64001DF2AD;
			remoteInfo = "Instagram Clone";
		};
/* End PBXContainerItemProxy section */

/* Begin PBXFileReference section */
		17C5549972FEAA8A264CBB4A /* Pods_Instagram_Clone.framework */ = {isa = PBXFileReference; explicitFileType = wrapper.framework; includeInIndex = 0; path = Pods_Instagram_Clone.framework; sourceTree = BUILT_PRODUCTS_DIR; };
		1E2863BAC0ED3F0182685248 /* Pods-Instagram CloneTests.debug.xcconfig */ = {isa = PBXFileReference; includeInIndex = 1; lastKnownFileType = text.xcconfig; name = "Pods-Instagram CloneTests.debug.xcconfig"; path = "Target Support Files/Pods-Instagram CloneTests/Pods-Instagram CloneTests.debug.xcconfig"; sourceTree = "<group>"; };
		1F6BE7FFCA31EAB7C77010B7 /* Pods_Instagram_Clone_Instagram_CloneUITests.framework */ = {isa = PBXFileReference; explicitFileType = wrapper.framework; includeInIndex = 0; path = Pods_Instagram_Clone_Instagram_CloneUITests.framework; sourceTree = BUILT_PRODUCTS_DIR; };
		513B98ADE4F8B40569BF2EEE /* Pods-Instagram Clone.release.xcconfig */ = {isa = PBXFileReference; includeInIndex = 1; lastKnownFileType = text.xcconfig; name = "Pods-Instagram Clone.release.xcconfig"; path = "Target Support Files/Pods-Instagram Clone/Pods-Instagram Clone.release.xcconfig"; sourceTree = "<group>"; };
		648507E8383479BF6FCB366E /* Pods-Instagram Clone.debug.xcconfig */ = {isa = PBXFileReference; includeInIndex = 1; lastKnownFileType = text.xcconfig; name = "Pods-Instagram Clone.debug.xcconfig"; path = "Target Support Files/Pods-Instagram Clone/Pods-Instagram Clone.debug.xcconfig"; sourceTree = "<group>"; };
		A0DC5B0F1BE853D35BF47F23 /* Pods_Instagram_CloneTests.framework */ = {isa = PBXFileReference; explicitFileType = wrapper.framework; includeInIndex = 0; path = Pods_Instagram_CloneTests.framework; sourceTree = BUILT_PRODUCTS_DIR; };
		C057E331AA181B3EA09CF99E /* Pods-Instagram CloneTests.release.xcconfig */ = {isa = PBXFileReference; includeInIndex = 1; lastKnownFileType = text.xcconfig; name = "Pods-Instagram CloneTests.release.xcconfig"; path = "Target Support Files/Pods-Instagram CloneTests/Pods-Instagram CloneTests.release.xcconfig"; sourceTree = "<group>"; };
		CF1B88CC272DFE64001DF2AD /* Instagram Clone.app */ = {isa = PBXFileReference; explicitFileType = wrapper.application; includeInIndex = 0; path = "Instagram Clone.app"; sourceTree = BUILT_PRODUCTS_DIR; };
		CF1B88CF272DFE64001DF2AD /* AppDelegate.swift */ = {isa = PBXFileReference; lastKnownFileType = sourcecode.swift; path = AppDelegate.swift; sourceTree = "<group>"; };
		CF1B88D1272DFE64001DF2AD /* SceneDelegate.swift */ = {isa = PBXFileReference; lastKnownFileType = sourcecode.swift; path = SceneDelegate.swift; sourceTree = "<group>"; };
		CF1B88D3272DFE64001DF2AD /* HomeViewController.swift */ = {isa = PBXFileReference; lastKnownFileType = sourcecode.swift; path = HomeViewController.swift; sourceTree = "<group>"; };
		CF1B88D6272DFE64001DF2AD /* Base */ = {isa = PBXFileReference; lastKnownFileType = file.storyboard; name = Base; path = Base.lproj/Main.storyboard; sourceTree = "<group>"; };
		CF1B88D8272DFE66001DF2AD /* Assets.xcassets */ = {isa = PBXFileReference; lastKnownFileType = folder.assetcatalog; path = Assets.xcassets; sourceTree = "<group>"; };
		CF1B88DB272DFE66001DF2AD /* Base */ = {isa = PBXFileReference; lastKnownFileType = file.storyboard; name = Base; path = Base.lproj/LaunchScreen.storyboard; sourceTree = "<group>"; };
		CF1B88DD272DFE66001DF2AD /* Info.plist */ = {isa = PBXFileReference; lastKnownFileType = text.plist.xml; path = Info.plist; sourceTree = "<group>"; };
		CF1B88E2272DFE66001DF2AD /* Instagram CloneTests.xctest */ = {isa = PBXFileReference; explicitFileType = wrapper.cfbundle; includeInIndex = 0; path = "Instagram CloneTests.xctest"; sourceTree = BUILT_PRODUCTS_DIR; };
		CF1B88E6272DFE66001DF2AD /* Instagram_CloneTests.swift */ = {isa = PBXFileReference; lastKnownFileType = sourcecode.swift; path = Instagram_CloneTests.swift; sourceTree = "<group>"; };
		CF1B88E8272DFE66001DF2AD /* Info.plist */ = {isa = PBXFileReference; lastKnownFileType = text.plist.xml; path = Info.plist; sourceTree = "<group>"; };
		CF1B88ED272DFE66001DF2AD /* Instagram CloneUITests.xctest */ = {isa = PBXFileReference; explicitFileType = wrapper.cfbundle; includeInIndex = 0; path = "Instagram CloneUITests.xctest"; sourceTree = BUILT_PRODUCTS_DIR; };
		CF1B88F1272DFE66001DF2AD /* Instagram_CloneUITests.swift */ = {isa = PBXFileReference; lastKnownFileType = sourcecode.swift; path = Instagram_CloneUITests.swift; sourceTree = "<group>"; };
		CF1B88F3272DFE66001DF2AD /* Info.plist */ = {isa = PBXFileReference; lastKnownFileType = text.plist.xml; path = Info.plist; sourceTree = "<group>"; };
		CF1B8904272E0055001DF2AD /* ExploreViewController.swift */ = {isa = PBXFileReference; lastKnownFileType = sourcecode.swift; path = ExploreViewController.swift; sourceTree = "<group>"; };
		CF1B8906272E006C001DF2AD /* CameraViewController.swift */ = {isa = PBXFileReference; lastKnownFileType = sourcecode.swift; path = CameraViewController.swift; sourceTree = "<group>"; };
		CF1B8908272E0082001DF2AD /* NotificationViewController.swift */ = {isa = PBXFileReference; lastKnownFileType = sourcecode.swift; path = NotificationViewController.swift; sourceTree = "<group>"; };
		CF1B890A272E008C001DF2AD /* ProfileViewController.swift */ = {isa = PBXFileReference; lastKnownFileType = sourcecode.swift; path = ProfileViewController.swift; sourceTree = "<group>"; };
		CF1B890F272E010C001DF2AD /* LoginViewController.swift */ = {isa = PBXFileReference; lastKnownFileType = sourcecode.swift; path = LoginViewController.swift; sourceTree = "<group>"; };
		CF1B8911272E0119001DF2AD /* RegistrationViewController.swift */ = {isa = PBXFileReference; lastKnownFileType = sourcecode.swift; path = RegistrationViewController.swift; sourceTree = "<group>"; };
		CF1B8913272E013A001DF2AD /* PostViewController.swift */ = {isa = PBXFileReference; lastKnownFileType = sourcecode.swift; path = PostViewController.swift; sourceTree = "<group>"; };
		CF1B8915272E0150001DF2AD /* EditProfileViewController.swift */ = {isa = PBXFileReference; lastKnownFileType = sourcecode.swift; path = EditProfileViewController.swift; sourceTree = "<group>"; };
		CF1B8917272E015C001DF2AD /* SettingsViewController.swift */ = {isa = PBXFileReference; lastKnownFileType = sourcecode.swift; path = SettingsViewController.swift; sourceTree = "<group>"; };
		CF1B8919272E0175001DF2AD /* ListViewController.swift */ = {isa = PBXFileReference; lastKnownFileType = sourcecode.swift; path = ListViewController.swift; sourceTree = "<group>"; };
		CF1B891B272E0180001DF2AD /* SearchViewController.swift */ = {isa = PBXFileReference; lastKnownFileType = sourcecode.swift; path = SearchViewController.swift; sourceTree = "<group>"; };
		CF1B891D272E0196001DF2AD /* SearchResultViewController.swift */ = {isa = PBXFileReference; lastKnownFileType = sourcecode.swift; path = SearchResultViewController.swift; sourceTree = "<group>"; };
		CF1B891F272E01B4001DF2AD /* PostEditorViewController.swift */ = {isa = PBXFileReference; lastKnownFileType = sourcecode.swift; path = PostEditorViewController.swift; sourceTree = "<group>"; };
		CF1B8921272E01CF001DF2AD /* PublishPostViewController.swift */ = {isa = PBXFileReference; lastKnownFileType = sourcecode.swift; path = PublishPostViewController.swift; sourceTree = "<group>"; };
		CF412EBD2738923E00BACEFC /* UserFollowCell.swift */ = {isa = PBXFileReference; lastKnownFileType = sourcecode.swift; path = UserFollowCell.swift; sourceTree = "<group>"; };
		CF412EBE2738923E00BACEFC /* UserFollowCell.xib */ = {isa = PBXFileReference; lastKnownFileType = file.xib; path = UserFollowCell.xib; sourceTree = "<group>"; };
		CF416811273C10CC00322193 /* NoNotificationView.swift */ = {isa = PBXFileReference; lastKnownFileType = sourcecode.swift; path = NoNotificationView.swift; sourceTree = "<group>"; };
		CF416813273C1E0800322193 /* NotificationFollowEventCell.swift */ = {isa = PBXFileReference; lastKnownFileType = sourcecode.swift; path = NotificationFollowEventCell.swift; sourceTree = "<group>"; };
		CF416814273C1E0800322193 /* NotificationFollowEventCell.xib */ = {isa = PBXFileReference; lastKnownFileType = file.xib; path = NotificationFollowEventCell.xib; sourceTree = "<group>"; };
		CF416817273C1ED500322193 /* NotificationLikeEventCell.swift */ = {isa = PBXFileReference; lastKnownFileType = sourcecode.swift; path = NotificationLikeEventCell.swift; sourceTree = "<group>"; };
		CF416818273C1ED500322193 /* NotificationLikeEventCell.xib */ = {isa = PBXFileReference; lastKnownFileType = file.xib; path = NotificationLikeEventCell.xib; sourceTree = "<group>"; };
		CF54E31E272F08CE003D9C31 /* GoogleService-Info.plist */ = {isa = PBXFileReference; fileEncoding = 4; lastKnownFileType = text.plist.xml; path = "GoogleService-Info.plist"; sourceTree = "<group>"; };
		CF54E321272F1090003D9C31 /* DatabaseManager.swift */ = {isa = PBXFileReference; lastKnownFileType = sourcecode.swift; path = DatabaseManager.swift; sourceTree = "<group>"; };
		CF54E323272F141A003D9C31 /* AuthManager.swift */ = {isa = PBXFileReference; lastKnownFileType = sourcecode.swift; path = AuthManager.swift; sourceTree = "<group>"; };
		CF54E325272F1460003D9C31 /* StorageManager.swift */ = {isa = PBXFileReference; lastKnownFileType = sourcecode.swift; path = StorageManager.swift; sourceTree = "<group>"; };
		CF54E327272F20FD003D9C31 /* Onboarding.storyboard */ = {isa = PBXFileReference; lastKnownFileType = file.storyboard; path = Onboarding.storyboard; sourceTree = "<group>"; };
		CF7C7521273359AB00432CCB /* IgFeedPostCell.swift */ = {isa = PBXFileReference; lastKnownFileType = sourcecode.swift; path = IgFeedPostCell.swift; sourceTree = "<group>"; };
		CF7C7522273359AB00432CCB /* IgFeedPostCell.xib */ = {isa = PBXFileReference; lastKnownFileType = file.xib; path = IgFeedPostCell.xib; sourceTree = "<group>"; };
		CF7C752627335C1500432CCB /* IgFeedPostHeaderCell.swift */ = {isa = PBXFileReference; lastKnownFileType = sourcecode.swift; path = IgFeedPostHeaderCell.swift; sourceTree = "<group>"; };
		CF7C752727335C1500432CCB /* IgFeedPostHeaderCell.xib */ = {isa = PBXFileReference; lastKnownFileType = file.xib; path = IgFeedPostHeaderCell.xib; sourceTree = "<group>"; };
		CF7C752A27335C6300432CCB /* IgFeedPostActionsCell.swift */ = {isa = PBXFileReference; lastKnownFileType = sourcecode.swift; path = IgFeedPostActionsCell.swift; sourceTree = "<group>"; };
		CF7C752B27335C6300432CCB /* IgFeedPostActionsCell.xib */ = {isa = PBXFileReference; lastKnownFileType = file.xib; path = IgFeedPostActionsCell.xib; sourceTree = "<group>"; };
		CF7C752E27335C7600432CCB /* IgFeedPostGeneralCell.swift */ = {isa = PBXFileReference; lastKnownFileType = sourcecode.swift; path = IgFeedPostGeneralCell.swift; sourceTree = "<group>"; };
		CF7C752F27335C7600432CCB /* IgFeedPostGeneralCell.xib */ = {isa = PBXFileReference; lastKnownFileType = file.xib; path = IgFeedPostGeneralCell.xib; sourceTree = "<group>"; };
		CFDEFAA32731DBBD00935AED /* General.storyboard */ = {isa = PBXFileReference; lastKnownFileType = file.storyboard; path = General.storyboard; sourceTree = "<group>"; };
		CFDEFAA52731DF5500935AED /* SettingCell.swift */ = {isa = PBXFileReference; lastKnownFileType = sourcecode.swift; path = SettingCell.swift; sourceTree = "<group>"; };
		CFDEFAA62731DF5500935AED /* SettingCell.xib */ = {isa = PBXFileReference; lastKnownFileType = file.xib; path = SettingCell.xib; sourceTree = "<group>"; };
		CFDEFAA92731E6A600935AED /* SettingHeaderCell.swift */ = {isa = PBXFileReference; lastKnownFileType = sourcecode.swift; path = SettingHeaderCell.swift; sourceTree = "<group>"; };
		CFDEFAAA2731E6A600935AED /* SettingHeaderCell.xib */ = {isa = PBXFileReference; lastKnownFileType = file.xib; path = SettingHeaderCell.xib; sourceTree = "<group>"; };
		CFE5234B273738E5006AD0D9 /* Models.swift */ = {isa = PBXFileReference; lastKnownFileType = sourcecode.swift; path = Models.swift; sourceTree = "<group>"; };
		CFE73A1827303A4700C62961 /* fr */ = {isa = PBXFileReference; lastKnownFileType = text.plist.strings; name = fr; path = fr.lproj/Main.strings; sourceTree = "<group>"; };
		CFE73A1C27303A6500C62961 /* fr */ = {isa = PBXFileReference; lastKnownFileType = text.plist.strings; name = fr; path = fr.lproj/Localizable.strings; sourceTree = "<group>"; };
		CFE73A1F27303A8800C62961 /* en */ = {isa = PBXFileReference; lastKnownFileType = text.plist.strings; name = en; path = en.lproj/Localizable.strings; sourceTree = "<group>"; };
		CFE73A212730456800C62961 /* AppHelper.swift */ = {isa = PBXFileReference; lastKnownFileType = sourcecode.swift; path = AppHelper.swift; sourceTree = "<group>"; };
		CFE73A252730E25400C62961 /* Extensions.swift */ = {isa = PBXFileReference; lastKnownFileType = sourcecode.swift; path = Extensions.swift; sourceTree = "<group>"; };
		CFFD70352736225B00DB40FF /* PhotoCollectionViewCell.swift */ = {isa = PBXFileReference; lastKnownFileType = sourcecode.swift; path = PhotoCollectionViewCell.swift; sourceTree = "<group>"; };
		CFFD70362736225B00DB40FF /* PhotoCollectionViewCell.xib */ = {isa = PBXFileReference; lastKnownFileType = file.xib; path = PhotoCollectionViewCell.xib; sourceTree = "<group>"; };
		CFFD7039273622B400DB40FF /* ProfileInfoHeaderCollectionReusableView.swift */ = {isa = PBXFileReference; lastKnownFileType = sourcecode.swift; path = ProfileInfoHeaderCollectionReusableView.swift; sourceTree = "<group>"; };
		CFFD703A273622B400DB40FF /* ProfileInfoHeaderCollectionReusableView.xib */ = {isa = PBXFileReference; lastKnownFileType = file.xib; path = ProfileInfoHeaderCollectionReusableView.xib; sourceTree = "<group>"; };
		CFFD703D2736231800DB40FF /* ProfileTabsCollectionReusableView.swift */ = {isa = PBXFileReference; lastKnownFileType = sourcecode.swift; path = ProfileTabsCollectionReusableView.swift; sourceTree = "<group>"; };
		CFFD703E2736231800DB40FF /* ProfileTabsCollectionReusableView.xib */ = {isa = PBXFileReference; lastKnownFileType = file.xib; path = ProfileTabsCollectionReusableView.xib; sourceTree = "<group>"; };
		CFFFE020273439B300733DE0 /* Constants.swift */ = {isa = PBXFileReference; lastKnownFileType = sourcecode.swift; path = Constants.swift; sourceTree = "<group>"; };
		CFFFE023273451D700733DE0 /* EditProfileCell.swift */ = {isa = PBXFileReference; lastKnownFileType = sourcecode.swift; path = EditProfileCell.swift; sourceTree = "<group>"; };
		CFFFE024273451D700733DE0 /* EditProfileCell.xib */ = {isa = PBXFileReference; lastKnownFileType = file.xib; path = EditProfileCell.xib; sourceTree = "<group>"; };
		CFFFE027273451F100733DE0 /* EditProfileHeaderCell.swift */ = {isa = PBXFileReference; lastKnownFileType = sourcecode.swift; path = EditProfileHeaderCell.swift; sourceTree = "<group>"; };
		CFFFE028273451F100733DE0 /* EditProfileHeaderCell.xib */ = {isa = PBXFileReference; lastKnownFileType = file.xib; path = EditProfileHeaderCell.xib; sourceTree = "<group>"; };
		CFFFE02B2734578F00733DE0 /* Protocols.swift */ = {isa = PBXFileReference; lastKnownFileType = sourcecode.swift; path = Protocols.swift; sourceTree = "<group>"; };
		E3C888FEA1CF684997C99293 /* Pods-Instagram Clone-Instagram CloneUITests.debug.xcconfig */ = {isa = PBXFileReference; includeInIndex = 1; lastKnownFileType = text.xcconfig; name = "Pods-Instagram Clone-Instagram CloneUITests.debug.xcconfig"; path = "Target Support Files/Pods-Instagram Clone-Instagram CloneUITests/Pods-Instagram Clone-Instagram CloneUITests.debug.xcconfig"; sourceTree = "<group>"; };
		EDFCA0A61F187FCE7594326F /* Pods-Instagram Clone-Instagram CloneUITests.release.xcconfig */ = {isa = PBXFileReference; includeInIndex = 1; lastKnownFileType = text.xcconfig; name = "Pods-Instagram Clone-Instagram CloneUITests.release.xcconfig"; path = "Target Support Files/Pods-Instagram Clone-Instagram CloneUITests/Pods-Instagram Clone-Instagram CloneUITests.release.xcconfig"; sourceTree = "<group>"; };
/* End PBXFileReference section */

/* Begin PBXFrameworksBuildPhase section */
		CF1B88C9272DFE64001DF2AD /* Frameworks */ = {
			isa = PBXFrameworksBuildPhase;
			buildActionMask = 2147483647;
			files = (
				CFA08A6F2BE5FDE8E66B7ADC /* Pods_Instagram_Clone.framework in Frameworks */,
			);
			runOnlyForDeploymentPostprocessing = 0;
		};
		CF1B88DF272DFE66001DF2AD /* Frameworks */ = {
			isa = PBXFrameworksBuildPhase;
			buildActionMask = 2147483647;
			files = (
				78A4772FF30B709CA2EC28BB /* Pods_Instagram_CloneTests.framework in Frameworks */,
			);
			runOnlyForDeploymentPostprocessing = 0;
		};
		CF1B88EA272DFE66001DF2AD /* Frameworks */ = {
			isa = PBXFrameworksBuildPhase;
			buildActionMask = 2147483647;
			files = (
				AB491120FC9661031E54E52C /* Pods_Instagram_Clone_Instagram_CloneUITests.framework in Frameworks */,
			);
			runOnlyForDeploymentPostprocessing = 0;
		};
/* End PBXFrameworksBuildPhase section */

/* Begin PBXGroup section */
		B00E73D4D6A342F33BE2BE58 /* Frameworks */ = {
			isa = PBXGroup;
			children = (
				17C5549972FEAA8A264CBB4A /* Pods_Instagram_Clone.framework */,
				1F6BE7FFCA31EAB7C77010B7 /* Pods_Instagram_Clone_Instagram_CloneUITests.framework */,
				A0DC5B0F1BE853D35BF47F23 /* Pods_Instagram_CloneTests.framework */,
			);
			name = Frameworks;
			sourceTree = "<group>";
		};
		CF1B88C3272DFE64001DF2AD = {
			isa = PBXGroup;
			children = (
				CF1B88CE272DFE64001DF2AD /* Instagram Clone */,
				CF1B88E5272DFE66001DF2AD /* Instagram CloneTests */,
				CF1B88F0272DFE66001DF2AD /* Instagram CloneUITests */,
				CF1B88CD272DFE64001DF2AD /* Products */,
				EE955C2B3F23480652F7846A /* Pods */,
				B00E73D4D6A342F33BE2BE58 /* Frameworks */,
			);
			sourceTree = "<group>";
		};
		CF1B88CD272DFE64001DF2AD /* Products */ = {
			isa = PBXGroup;
			children = (
				CF1B88CC272DFE64001DF2AD /* Instagram Clone.app */,
				CF1B88E2272DFE66001DF2AD /* Instagram CloneTests.xctest */,
				CF1B88ED272DFE66001DF2AD /* Instagram CloneUITests.xctest */,
			);
			name = Products;
			sourceTree = "<group>";
		};
		CF1B88CE272DFE64001DF2AD /* Instagram Clone */ = {
			isa = PBXGroup;
			children = (
				CF1B8902272DFF55001DF2AD /* Resources */,
				CF1B8901272DFF48001DF2AD /* Models */,
				CF1B8900272DFF38001DF2AD /* Views */,
				CF1B88FF272DFF26001DF2AD /* Controllers */,
				CF1B88DD272DFE66001DF2AD /* Info.plist */,
			);
			path = "Instagram Clone";
			sourceTree = "<group>";
		};
		CF1B88E5272DFE66001DF2AD /* Instagram CloneTests */ = {
			isa = PBXGroup;
			children = (
				CF1B88E6272DFE66001DF2AD /* Instagram_CloneTests.swift */,
				CF1B88E8272DFE66001DF2AD /* Info.plist */,
			);
			path = "Instagram CloneTests";
			sourceTree = "<group>";
		};
		CF1B88F0272DFE66001DF2AD /* Instagram CloneUITests */ = {
			isa = PBXGroup;
			children = (
				CF1B88F1272DFE66001DF2AD /* Instagram_CloneUITests.swift */,
				CF1B88F3272DFE66001DF2AD /* Info.plist */,
			);
			path = "Instagram CloneUITests";
			sourceTree = "<group>";
		};
		CF1B88FF272DFF26001DF2AD /* Controllers */ = {
			isa = PBXGroup;
			children = (
				CF1B890D272E00D9001DF2AD /* Others */,
				CF1B890C272E00A4001DF2AD /* Core Tabs */,
			);
			path = Controllers;
			sourceTree = "<group>";
		};
		CF1B8900272DFF38001DF2AD /* Views */ = {
			isa = PBXGroup;
			children = (
				CF416810273C10A400322193 /* NotificationsCustomViews */,
				CFFD70342736220E00DB40FF /* ProfileCustomCells */,
				CFFFE022273450FA00733DE0 /* EditProfileCustomCells */,
				CFDEFAAD2731E99900935AED /* SettingsCustomCells */,
				CF1B88D8272DFE66001DF2AD /* Assets.xcassets */,
				CF1B8903272DFF81001DF2AD /* Storyboards */,
				CF7C752527335A0800432CCB /* HomeCustomCells & Post */,
				CFFD70352736225B00DB40FF /* PhotoCollectionViewCell.swift */,
				CFFD70362736225B00DB40FF /* PhotoCollectionViewCell.xib */,
				CF412EC12738924900BACEFC /* ListViewCustomCells */,
			);
			path = Views;
			sourceTree = "<group>";
		};
		CF1B8901272DFF48001DF2AD /* Models */ = {
			isa = PBXGroup;
			children = (
				CFE5234B273738E5006AD0D9 /* Models.swift */,
			);
			path = Models;
			sourceTree = "<group>";
		};
		CF1B8902272DFF55001DF2AD /* Resources */ = {
			isa = PBXGroup;
			children = (
				CFE73A202730452900C62961 /* Utils */,
				CF54E31E272F08CE003D9C31 /* GoogleService-Info.plist */,
				CF1B88CF272DFE64001DF2AD /* AppDelegate.swift */,
				CF1B88D1272DFE64001DF2AD /* SceneDelegate.swift */,
				CFE73A1D27303A6500C62961 /* Localizable.strings */,
			);
			path = Resources;
			sourceTree = "<group>";
		};
		CF1B8903272DFF81001DF2AD /* Storyboards */ = {
			isa = PBXGroup;
			children = (
				CF1B88D5272DFE64001DF2AD /* Main.storyboard */,
				CF1B88DA272DFE66001DF2AD /* LaunchScreen.storyboard */,
				CF54E327272F20FD003D9C31 /* Onboarding.storyboard */,
				CFDEFAA32731DBBD00935AED /* General.storyboard */,
			);
			path = Storyboards;
			sourceTree = "<group>";
		};
		CF1B890C272E00A4001DF2AD /* Core Tabs */ = {
			isa = PBXGroup;
			children = (
				CF1B88D3272DFE64001DF2AD /* HomeViewController.swift */,
				CF1B8904272E0055001DF2AD /* ExploreViewController.swift */,
				CF1B8906272E006C001DF2AD /* CameraViewController.swift */,
				CF1B8908272E0082001DF2AD /* NotificationViewController.swift */,
				CF1B890A272E008C001DF2AD /* ProfileViewController.swift */,
			);
			path = "Core Tabs";
			sourceTree = "<group>";
		};
		CF1B890D272E00D9001DF2AD /* Others */ = {
			isa = PBXGroup;
			children = (
				CF1B890E272E00E5001DF2AD /* Onboarding */,
				CF54E320272F1014003D9C31 /* General */,
			);
			path = Others;
			sourceTree = "<group>";
		};
		CF1B890E272E00E5001DF2AD /* Onboarding */ = {
			isa = PBXGroup;
			children = (
				CF1B890F272E010C001DF2AD /* LoginViewController.swift */,
				CF1B8911272E0119001DF2AD /* RegistrationViewController.swift */,
			);
			path = Onboarding;
			sourceTree = "<group>";
		};
		CF412EC12738924900BACEFC /* ListViewCustomCells */ = {
			isa = PBXGroup;
			children = (
				CF412EBD2738923E00BACEFC /* UserFollowCell.swift */,
				CF412EBE2738923E00BACEFC /* UserFollowCell.xib */,
			);
			path = ListViewCustomCells;
			sourceTree = "<group>";
		};
		CF416810273C10A400322193 /* NotificationsCustomViews */ = {
			isa = PBXGroup;
			children = (
				CF416811273C10CC00322193 /* NoNotificationView.swift */,
				CF416813273C1E0800322193 /* NotificationFollowEventCell.swift */,
				CF416814273C1E0800322193 /* NotificationFollowEventCell.xib */,
				CF416817273C1ED500322193 /* NotificationLikeEventCell.swift */,
				CF416818273C1ED500322193 /* NotificationLikeEventCell.xib */,
			);
			path = NotificationsCustomViews;
			sourceTree = "<group>";
		};
		CF54E320272F1014003D9C31 /* General */ = {
			isa = PBXGroup;
			children = (
				CF1B8913272E013A001DF2AD /* PostViewController.swift */,
				CF1B8915272E0150001DF2AD /* EditProfileViewController.swift */,
				CF1B8917272E015C001DF2AD /* SettingsViewController.swift */,
				CF1B8919272E0175001DF2AD /* ListViewController.swift */,
				CF1B891B272E0180001DF2AD /* SearchViewController.swift */,
				CF1B891D272E0196001DF2AD /* SearchResultViewController.swift */,
				CF1B891F272E01B4001DF2AD /* PostEditorViewController.swift */,
				CF1B8921272E01CF001DF2AD /* PublishPostViewController.swift */,
			);
			path = General;
			sourceTree = "<group>";
		};
		CF7C752527335A0800432CCB /* HomeCustomCells & Post */ = {
			isa = PBXGroup;
			children = (
				CF7C7521273359AB00432CCB /* IgFeedPostCell.swift */,
				CF7C7522273359AB00432CCB /* IgFeedPostCell.xib */,
				CF7C752627335C1500432CCB /* IgFeedPostHeaderCell.swift */,
				CF7C752727335C1500432CCB /* IgFeedPostHeaderCell.xib */,
				CF7C752A27335C6300432CCB /* IgFeedPostActionsCell.swift */,
				CF7C752B27335C6300432CCB /* IgFeedPostActionsCell.xib */,
				CF7C752E27335C7600432CCB /* IgFeedPostGeneralCell.swift */,
				CF7C752F27335C7600432CCB /* IgFeedPostGeneralCell.xib */,
			);
			path = "HomeCustomCells & Post";
			sourceTree = "<group>";
		};
		CFDEFAAD2731E99900935AED /* SettingsCustomCells */ = {
			isa = PBXGroup;
			children = (
				CFDEFAA92731E6A600935AED /* SettingHeaderCell.swift */,
				CFDEFAAA2731E6A600935AED /* SettingHeaderCell.xib */,
				CFDEFAA52731DF5500935AED /* SettingCell.swift */,
				CFDEFAA62731DF5500935AED /* SettingCell.xib */,
			);
			path = SettingsCustomCells;
			sourceTree = "<group>";
		};
		CFE73A202730452900C62961 /* Utils */ = {
			isa = PBXGroup;
			children = (
				CF54E321272F1090003D9C31 /* DatabaseManager.swift */,
				CF54E323272F141A003D9C31 /* AuthManager.swift */,
				CF54E325272F1460003D9C31 /* StorageManager.swift */,
				CFE73A212730456800C62961 /* AppHelper.swift */,
				CFE73A252730E25400C62961 /* Extensions.swift */,
				CFFFE020273439B300733DE0 /* Constants.swift */,
				CFFFE02B2734578F00733DE0 /* Protocols.swift */,
			);
			path = Utils;
			sourceTree = "<group>";
		};
		CFFD70342736220E00DB40FF /* ProfileCustomCells */ = {
			isa = PBXGroup;
			children = (
				CFFD7039273622B400DB40FF /* ProfileInfoHeaderCollectionReusableView.swift */,
				CFFD703A273622B400DB40FF /* ProfileInfoHeaderCollectionReusableView.xib */,
				CFFD703D2736231800DB40FF /* ProfileTabsCollectionReusableView.swift */,
				CFFD703E2736231800DB40FF /* ProfileTabsCollectionReusableView.xib */,
			);
			path = ProfileCustomCells;
			sourceTree = "<group>";
		};
		CFFFE022273450FA00733DE0 /* EditProfileCustomCells */ = {
			isa = PBXGroup;
			children = (
				CFFFE023273451D700733DE0 /* EditProfileCell.swift */,
				CFFFE024273451D700733DE0 /* EditProfileCell.xib */,
				CFFFE027273451F100733DE0 /* EditProfileHeaderCell.swift */,
				CFFFE028273451F100733DE0 /* EditProfileHeaderCell.xib */,
			);
			path = EditProfileCustomCells;
			sourceTree = "<group>";
		};
		EE955C2B3F23480652F7846A /* Pods */ = {
			isa = PBXGroup;
			children = (
				648507E8383479BF6FCB366E /* Pods-Instagram Clone.debug.xcconfig */,
				513B98ADE4F8B40569BF2EEE /* Pods-Instagram Clone.release.xcconfig */,
				E3C888FEA1CF684997C99293 /* Pods-Instagram Clone-Instagram CloneUITests.debug.xcconfig */,
				EDFCA0A61F187FCE7594326F /* Pods-Instagram Clone-Instagram CloneUITests.release.xcconfig */,
				1E2863BAC0ED3F0182685248 /* Pods-Instagram CloneTests.debug.xcconfig */,
				C057E331AA181B3EA09CF99E /* Pods-Instagram CloneTests.release.xcconfig */,
			);
			path = Pods;
			sourceTree = "<group>";
		};
/* End PBXGroup section */

/* Begin PBXNativeTarget section */
		CF1B88CB272DFE64001DF2AD /* Instagram Clone */ = {
			isa = PBXNativeTarget;
			buildConfigurationList = CF1B88F6272DFE66001DF2AD /* Build configuration list for PBXNativeTarget "Instagram Clone" */;
			buildPhases = (
				47F12247587FE54AE070791B /* [CP] Check Pods Manifest.lock */,
				CF1B88C8272DFE64001DF2AD /* Sources */,
				CF1B88C9272DFE64001DF2AD /* Frameworks */,
				CF1B88CA272DFE64001DF2AD /* Resources */,
				0CC8DC5216E859FD3E28CDD2 /* [CP] Embed Pods Frameworks */,
			);
			buildRules = (
			);
			dependencies = (
			);
			name = "Instagram Clone";
			productName = "Instagram Clone";
			productReference = CF1B88CC272DFE64001DF2AD /* Instagram Clone.app */;
			productType = "com.apple.product-type.application";
		};
		CF1B88E1272DFE66001DF2AD /* Instagram CloneTests */ = {
			isa = PBXNativeTarget;
			buildConfigurationList = CF1B88F9272DFE66001DF2AD /* Build configuration list for PBXNativeTarget "Instagram CloneTests" */;
			buildPhases = (
				37F73312F4780008B28354FB /* [CP] Check Pods Manifest.lock */,
				CF1B88DE272DFE66001DF2AD /* Sources */,
				CF1B88DF272DFE66001DF2AD /* Frameworks */,
				CF1B88E0272DFE66001DF2AD /* Resources */,
			);
			buildRules = (
			);
			dependencies = (
				CF1B88E4272DFE66001DF2AD /* PBXTargetDependency */,
			);
			name = "Instagram CloneTests";
			productName = "Instagram CloneTests";
			productReference = CF1B88E2272DFE66001DF2AD /* Instagram CloneTests.xctest */;
			productType = "com.apple.product-type.bundle.unit-test";
		};
		CF1B88EC272DFE66001DF2AD /* Instagram CloneUITests */ = {
			isa = PBXNativeTarget;
			buildConfigurationList = CF1B88FC272DFE66001DF2AD /* Build configuration list for PBXNativeTarget "Instagram CloneUITests" */;
			buildPhases = (
				A4D5237B814B416E685DF4FB /* [CP] Check Pods Manifest.lock */,
				CF1B88E9272DFE66001DF2AD /* Sources */,
				CF1B88EA272DFE66001DF2AD /* Frameworks */,
				CF1B88EB272DFE66001DF2AD /* Resources */,
				E3DAB80E37C0ACB4C4079749 /* [CP] Embed Pods Frameworks */,
			);
			buildRules = (
			);
			dependencies = (
				CF1B88EF272DFE66001DF2AD /* PBXTargetDependency */,
			);
			name = "Instagram CloneUITests";
			productName = "Instagram CloneUITests";
			productReference = CF1B88ED272DFE66001DF2AD /* Instagram CloneUITests.xctest */;
			productType = "com.apple.product-type.bundle.ui-testing";
		};
/* End PBXNativeTarget section */

/* Begin PBXProject section */
		CF1B88C4272DFE64001DF2AD /* Project object */ = {
			isa = PBXProject;
			attributes = {
				LastSwiftUpdateCheck = 1250;
				LastUpgradeCheck = 1250;
				TargetAttributes = {
					CF1B88CB272DFE64001DF2AD = {
						CreatedOnToolsVersion = 12.5.1;
					};
					CF1B88E1272DFE66001DF2AD = {
						CreatedOnToolsVersion = 12.5.1;
						TestTargetID = CF1B88CB272DFE64001DF2AD;
					};
					CF1B88EC272DFE66001DF2AD = {
						CreatedOnToolsVersion = 12.5.1;
						TestTargetID = CF1B88CB272DFE64001DF2AD;
					};
				};
			};
			buildConfigurationList = CF1B88C7272DFE64001DF2AD /* Build configuration list for PBXProject "Instagram Clone" */;
			compatibilityVersion = "Xcode 9.3";
			developmentRegion = en;
			hasScannedForEncodings = 0;
			knownRegions = (
				en,
				Base,
				fr,
			);
			mainGroup = CF1B88C3272DFE64001DF2AD;
			productRefGroup = CF1B88CD272DFE64001DF2AD /* Products */;
			projectDirPath = "";
			projectRoot = "";
			targets = (
				CF1B88CB272DFE64001DF2AD /* Instagram Clone */,
				CF1B88E1272DFE66001DF2AD /* Instagram CloneTests */,
				CF1B88EC272DFE66001DF2AD /* Instagram CloneUITests */,
			);
		};
/* End PBXProject section */

/* Begin PBXResourcesBuildPhase section */
		CF1B88CA272DFE64001DF2AD /* Resources */ = {
			isa = PBXResourcesBuildPhase;
			buildActionMask = 2147483647;
			files = (
				CF1B88DC272DFE66001DF2AD /* LaunchScreen.storyboard in Resources */,
				CFE73A1B27303A6500C62961 /* Localizable.strings in Resources */,
				CF54E328272F20FD003D9C31 /* Onboarding.storyboard in Resources */,
				CF7C752927335C1500432CCB /* IgFeedPostHeaderCell.xib in Resources */,
				CF54E31F272F08CE003D9C31 /* GoogleService-Info.plist in Resources */,
				CF1B88D9272DFE66001DF2AD /* Assets.xcassets in Resources */,
				CF7C7524273359AB00432CCB /* IgFeedPostCell.xib in Resources */,
				CFFD703C273622B400DB40FF /* ProfileInfoHeaderCollectionReusableView.xib in Resources */,
				CFFFE02A273451F100733DE0 /* EditProfileHeaderCell.xib in Resources */,
				CF1B88D7272DFE64001DF2AD /* Main.storyboard in Resources */,
				CFDEFAAC2731E6A600935AED /* SettingHeaderCell.xib in Resources */,
				CF7C753127335C7600432CCB /* IgFeedPostGeneralCell.xib in Resources */,
				CF416816273C1E0800322193 /* NotificationFollowEventCell.xib in Resources */,
				CF7C752D27335C6300432CCB /* IgFeedPostActionsCell.xib in Resources */,
				CF412EC02738923E00BACEFC /* UserFollowCell.xib in Resources */,
				CFFD70402736231800DB40FF /* ProfileTabsCollectionReusableView.xib in Resources */,
				CFDEFAA82731DF5500935AED /* SettingCell.xib in Resources */,
				CFFD70382736225B00DB40FF /* PhotoCollectionViewCell.xib in Resources */,
				CFDEFAA42731DBBD00935AED /* General.storyboard in Resources */,
				CFFFE026273451D700733DE0 /* EditProfileCell.xib in Resources */,
				CF41681A273C1ED500322193 /* NotificationLikeEventCell.xib in Resources */,
			);
			runOnlyForDeploymentPostprocessing = 0;
		};
		CF1B88E0272DFE66001DF2AD /* Resources */ = {
			isa = PBXResourcesBuildPhase;
			buildActionMask = 2147483647;
			files = (
			);
			runOnlyForDeploymentPostprocessing = 0;
		};
		CF1B88EB272DFE66001DF2AD /* Resources */ = {
			isa = PBXResourcesBuildPhase;
			buildActionMask = 2147483647;
			files = (
			);
			runOnlyForDeploymentPostprocessing = 0;
		};
/* End PBXResourcesBuildPhase section */

/* Begin PBXShellScriptBuildPhase section */
		0CC8DC5216E859FD3E28CDD2 /* [CP] Embed Pods Frameworks */ = {
			isa = PBXShellScriptBuildPhase;
			buildActionMask = 2147483647;
			files = (
			);
			inputFileListPaths = (
				"${PODS_ROOT}/Target Support Files/Pods-Instagram Clone/Pods-Instagram Clone-frameworks-${CONFIGURATION}-input-files.xcfilelist",
			);
			name = "[CP] Embed Pods Frameworks";
			outputFileListPaths = (
				"${PODS_ROOT}/Target Support Files/Pods-Instagram Clone/Pods-Instagram Clone-frameworks-${CONFIGURATION}-output-files.xcfilelist",
			);
			runOnlyForDeploymentPostprocessing = 0;
			shellPath = /bin/sh;
			shellScript = "\"${PODS_ROOT}/Target Support Files/Pods-Instagram Clone/Pods-Instagram Clone-frameworks.sh\"\n";
			showEnvVarsInLog = 0;
		};
		37F73312F4780008B28354FB /* [CP] Check Pods Manifest.lock */ = {
			isa = PBXShellScriptBuildPhase;
			buildActionMask = 2147483647;
			files = (
			);
			inputFileListPaths = (
			);
			inputPaths = (
				"${PODS_PODFILE_DIR_PATH}/Podfile.lock",
				"${PODS_ROOT}/Manifest.lock",
			);
			name = "[CP] Check Pods Manifest.lock";
			outputFileListPaths = (
			);
			outputPaths = (
				"$(DERIVED_FILE_DIR)/Pods-Instagram CloneTests-checkManifestLockResult.txt",
			);
			runOnlyForDeploymentPostprocessing = 0;
			shellPath = /bin/sh;
			shellScript = "diff \"${PODS_PODFILE_DIR_PATH}/Podfile.lock\" \"${PODS_ROOT}/Manifest.lock\" > /dev/null\nif [ $? != 0 ] ; then\n    # print error to STDERR\n    echo \"error: The sandbox is not in sync with the Podfile.lock. Run 'pod install' or update your CocoaPods installation.\" >&2\n    exit 1\nfi\n# This output is used by Xcode 'outputs' to avoid re-running this script phase.\necho \"SUCCESS\" > \"${SCRIPT_OUTPUT_FILE_0}\"\n";
			showEnvVarsInLog = 0;
		};
		47F12247587FE54AE070791B /* [CP] Check Pods Manifest.lock */ = {
			isa = PBXShellScriptBuildPhase;
			buildActionMask = 2147483647;
			files = (
			);
			inputFileListPaths = (
			);
			inputPaths = (
				"${PODS_PODFILE_DIR_PATH}/Podfile.lock",
				"${PODS_ROOT}/Manifest.lock",
			);
			name = "[CP] Check Pods Manifest.lock";
			outputFileListPaths = (
			);
			outputPaths = (
				"$(DERIVED_FILE_DIR)/Pods-Instagram Clone-checkManifestLockResult.txt",
			);
			runOnlyForDeploymentPostprocessing = 0;
			shellPath = /bin/sh;
			shellScript = "diff \"${PODS_PODFILE_DIR_PATH}/Podfile.lock\" \"${PODS_ROOT}/Manifest.lock\" > /dev/null\nif [ $? != 0 ] ; then\n    # print error to STDERR\n    echo \"error: The sandbox is not in sync with the Podfile.lock. Run 'pod install' or update your CocoaPods installation.\" >&2\n    exit 1\nfi\n# This output is used by Xcode 'outputs' to avoid re-running this script phase.\necho \"SUCCESS\" > \"${SCRIPT_OUTPUT_FILE_0}\"\n";
			showEnvVarsInLog = 0;
		};
		A4D5237B814B416E685DF4FB /* [CP] Check Pods Manifest.lock */ = {
			isa = PBXShellScriptBuildPhase;
			buildActionMask = 2147483647;
			files = (
			);
			inputFileListPaths = (
			);
			inputPaths = (
				"${PODS_PODFILE_DIR_PATH}/Podfile.lock",
				"${PODS_ROOT}/Manifest.lock",
			);
			name = "[CP] Check Pods Manifest.lock";
			outputFileListPaths = (
			);
			outputPaths = (
				"$(DERIVED_FILE_DIR)/Pods-Instagram Clone-Instagram CloneUITests-checkManifestLockResult.txt",
			);
			runOnlyForDeploymentPostprocessing = 0;
			shellPath = /bin/sh;
			shellScript = "diff \"${PODS_PODFILE_DIR_PATH}/Podfile.lock\" \"${PODS_ROOT}/Manifest.lock\" > /dev/null\nif [ $? != 0 ] ; then\n    # print error to STDERR\n    echo \"error: The sandbox is not in sync with the Podfile.lock. Run 'pod install' or update your CocoaPods installation.\" >&2\n    exit 1\nfi\n# This output is used by Xcode 'outputs' to avoid re-running this script phase.\necho \"SUCCESS\" > \"${SCRIPT_OUTPUT_FILE_0}\"\n";
			showEnvVarsInLog = 0;
		};
		E3DAB80E37C0ACB4C4079749 /* [CP] Embed Pods Frameworks */ = {
			isa = PBXShellScriptBuildPhase;
			buildActionMask = 2147483647;
			files = (
			);
			inputFileListPaths = (
				"${PODS_ROOT}/Target Support Files/Pods-Instagram Clone-Instagram CloneUITests/Pods-Instagram Clone-Instagram CloneUITests-frameworks-${CONFIGURATION}-input-files.xcfilelist",
			);
			name = "[CP] Embed Pods Frameworks";
			outputFileListPaths = (
				"${PODS_ROOT}/Target Support Files/Pods-Instagram Clone-Instagram CloneUITests/Pods-Instagram Clone-Instagram CloneUITests-frameworks-${CONFIGURATION}-output-files.xcfilelist",
			);
			runOnlyForDeploymentPostprocessing = 0;
			shellPath = /bin/sh;
			shellScript = "\"${PODS_ROOT}/Target Support Files/Pods-Instagram Clone-Instagram CloneUITests/Pods-Instagram Clone-Instagram CloneUITests-frameworks.sh\"\n";
			showEnvVarsInLog = 0;
		};
/* End PBXShellScriptBuildPhase section */

/* Begin PBXSourcesBuildPhase section */
		CF1B88C8272DFE64001DF2AD /* Sources */ = {
			isa = PBXSourcesBuildPhase;
			buildActionMask = 2147483647;
			files = (
				CF1B8916272E0150001DF2AD /* EditProfileViewController.swift in Sources */,
				CF1B8905272E0055001DF2AD /* ExploreViewController.swift in Sources */,
				CF1B8922272E01CF001DF2AD /* PublishPostViewController.swift in Sources */,
				CF1B8907272E006C001DF2AD /* CameraViewController.swift in Sources */,
				CFFD703F2736231800DB40FF /* ProfileTabsCollectionReusableView.swift in Sources */,
				CFE73A222730456800C62961 /* AppHelper.swift in Sources */,
				CFFFE021273439B300733DE0 /* Constants.swift in Sources */,
				CF1B8909272E0082001DF2AD /* NotificationViewController.swift in Sources */,
				CF7C753027335C7600432CCB /* IgFeedPostGeneralCell.swift in Sources */,
				CF1B8912272E0119001DF2AD /* RegistrationViewController.swift in Sources */,
				CF1B8920272E01B4001DF2AD /* PostEditorViewController.swift in Sources */,
				CF54E326272F1460003D9C31 /* StorageManager.swift in Sources */,
				CFE73A262730E25400C62961 /* Extensions.swift in Sources */,
				CF1B8914272E013A001DF2AD /* PostViewController.swift in Sources */,
				CF416812273C10CC00322193 /* NoNotificationView.swift in Sources */,
				CF54E322272F1090003D9C31 /* DatabaseManager.swift in Sources */,
				CF416819273C1ED500322193 /* NotificationLikeEventCell.swift in Sources */,
				CFE5234C273738E5006AD0D9 /* Models.swift in Sources */,
				CF7C752C27335C6300432CCB /* IgFeedPostActionsCell.swift in Sources */,
				CFFFE02C2734578F00733DE0 /* Protocols.swift in Sources */,
				CF1B88D4272DFE64001DF2AD /* HomeViewController.swift in Sources */,
				CFDEFAA72731DF5500935AED /* SettingCell.swift in Sources */,
				CF7C752827335C1500432CCB /* IgFeedPostHeaderCell.swift in Sources */,
				CFFD703B273622B400DB40FF /* ProfileInfoHeaderCollectionReusableView.swift in Sources */,
				CF1B891E272E0196001DF2AD /* SearchResultViewController.swift in Sources */,
				CFFD70372736225B00DB40FF /* PhotoCollectionViewCell.swift in Sources */,
				CF1B8910272E010C001DF2AD /* LoginViewController.swift in Sources */,
				CF412EBF2738923E00BACEFC /* UserFollowCell.swift in Sources */,
				CF1B891C272E0180001DF2AD /* SearchViewController.swift in Sources */,
				CFFFE025273451D700733DE0 /* EditProfileCell.swift in Sources */,
				CFDEFAAB2731E6A600935AED /* SettingHeaderCell.swift in Sources */,
				CF1B890B272E008C001DF2AD /* ProfileViewController.swift in Sources */,
				CF7C7523273359AB00432CCB /* IgFeedPostCell.swift in Sources */,
				CF54E324272F141A003D9C31 /* AuthManager.swift in Sources */,
				CF1B88D0272DFE64001DF2AD /* AppDelegate.swift in Sources */,
				CF1B88D2272DFE64001DF2AD /* SceneDelegate.swift in Sources */,
				CF1B891A272E0175001DF2AD /* ListViewController.swift in Sources */,
				CFFFE029273451F100733DE0 /* EditProfileHeaderCell.swift in Sources */,
				CF416815273C1E0800322193 /* NotificationFollowEventCell.swift in Sources */,
				CF1B8918272E015C001DF2AD /* SettingsViewController.swift in Sources */,
			);
			runOnlyForDeploymentPostprocessing = 0;
		};
		CF1B88DE272DFE66001DF2AD /* Sources */ = {
			isa = PBXSourcesBuildPhase;
			buildActionMask = 2147483647;
			files = (
				CF1B88E7272DFE66001DF2AD /* Instagram_CloneTests.swift in Sources */,
			);
			runOnlyForDeploymentPostprocessing = 0;
		};
		CF1B88E9272DFE66001DF2AD /* Sources */ = {
			isa = PBXSourcesBuildPhase;
			buildActionMask = 2147483647;
			files = (
				CF1B88F2272DFE66001DF2AD /* Instagram_CloneUITests.swift in Sources */,
			);
			runOnlyForDeploymentPostprocessing = 0;
		};
/* End PBXSourcesBuildPhase section */

/* Begin PBXTargetDependency section */
		CF1B88E4272DFE66001DF2AD /* PBXTargetDependency */ = {
			isa = PBXTargetDependency;
			target = CF1B88CB272DFE64001DF2AD /* Instagram Clone */;
			targetProxy = CF1B88E3272DFE66001DF2AD /* PBXContainerItemProxy */;
		};
		CF1B88EF272DFE66001DF2AD /* PBXTargetDependency */ = {
			isa = PBXTargetDependency;
			target = CF1B88CB272DFE64001DF2AD /* Instagram Clone */;
			targetProxy = CF1B88EE272DFE66001DF2AD /* PBXContainerItemProxy */;
		};
/* End PBXTargetDependency section */

/* Begin PBXVariantGroup section */
		CF1B88D5272DFE64001DF2AD /* Main.storyboard */ = {
			isa = PBXVariantGroup;
			children = (
				CF1B88D6272DFE64001DF2AD /* Base */,
				CFE73A1827303A4700C62961 /* fr */,
			);
			name = Main.storyboard;
			sourceTree = "<group>";
		};
		CF1B88DA272DFE66001DF2AD /* LaunchScreen.storyboard */ = {
			isa = PBXVariantGroup;
			children = (
				CF1B88DB272DFE66001DF2AD /* Base */,
			);
			name = LaunchScreen.storyboard;
			sourceTree = "<group>";
		};
		CFE73A1D27303A6500C62961 /* Localizable.strings */ = {
			isa = PBXVariantGroup;
			children = (
				CFE73A1C27303A6500C62961 /* fr */,
				CFE73A1F27303A8800C62961 /* en */,
			);
			name = Localizable.strings;
			sourceTree = "<group>";
		};
/* End PBXVariantGroup section */

/* Begin XCBuildConfiguration section */
		CF1B88F4272DFE66001DF2AD /* Debug */ = {
			isa = XCBuildConfiguration;
			buildSettings = {
				ALWAYS_SEARCH_USER_PATHS = NO;
				CLANG_ANALYZER_LOCALIZABILITY_NONLOCALIZED = YES;
				CLANG_ANALYZER_NONNULL = YES;
				CLANG_ANALYZER_NUMBER_OBJECT_CONVERSION = YES_AGGRESSIVE;
				CLANG_CXX_LANGUAGE_STANDARD = "gnu++14";
				CLANG_CXX_LIBRARY = "libc++";
				CLANG_ENABLE_MODULES = YES;
				CLANG_ENABLE_OBJC_ARC = YES;
				CLANG_ENABLE_OBJC_WEAK = YES;
				CLANG_WARN_BLOCK_CAPTURE_AUTORELEASING = YES;
				CLANG_WARN_BOOL_CONVERSION = YES;
				CLANG_WARN_COMMA = YES;
				CLANG_WARN_CONSTANT_CONVERSION = YES;
				CLANG_WARN_DEPRECATED_OBJC_IMPLEMENTATIONS = YES;
				CLANG_WARN_DIRECT_OBJC_ISA_USAGE = YES_ERROR;
				CLANG_WARN_DOCUMENTATION_COMMENTS = YES;
				CLANG_WARN_EMPTY_BODY = YES;
				CLANG_WARN_ENUM_CONVERSION = YES;
				CLANG_WARN_INFINITE_RECURSION = YES;
				CLANG_WARN_INT_CONVERSION = YES;
				CLANG_WARN_NON_LITERAL_NULL_CONVERSION = YES;
				CLANG_WARN_OBJC_IMPLICIT_RETAIN_SELF = YES;
				CLANG_WARN_OBJC_LITERAL_CONVERSION = YES;
				CLANG_WARN_OBJC_ROOT_CLASS = YES_ERROR;
				CLANG_WARN_QUOTED_INCLUDE_IN_FRAMEWORK_HEADER = YES;
				CLANG_WARN_RANGE_LOOP_ANALYSIS = YES;
				CLANG_WARN_STRICT_PROTOTYPES = YES;
				CLANG_WARN_SUSPICIOUS_MOVE = YES;
				CLANG_WARN_UNGUARDED_AVAILABILITY = YES_AGGRESSIVE;
				CLANG_WARN_UNREACHABLE_CODE = YES;
				CLANG_WARN__DUPLICATE_METHOD_MATCH = YES;
				COPY_PHASE_STRIP = NO;
				DEBUG_INFORMATION_FORMAT = dwarf;
				ENABLE_STRICT_OBJC_MSGSEND = YES;
				ENABLE_TESTABILITY = YES;
				GCC_C_LANGUAGE_STANDARD = gnu11;
				GCC_DYNAMIC_NO_PIC = NO;
				GCC_NO_COMMON_BLOCKS = YES;
				GCC_OPTIMIZATION_LEVEL = 0;
				GCC_PREPROCESSOR_DEFINITIONS = (
					"DEBUG=1",
					"$(inherited)",
				);
				GCC_WARN_64_TO_32_BIT_CONVERSION = YES;
				GCC_WARN_ABOUT_RETURN_TYPE = YES_ERROR;
				GCC_WARN_UNDECLARED_SELECTOR = YES;
				GCC_WARN_UNINITIALIZED_AUTOS = YES_AGGRESSIVE;
				GCC_WARN_UNUSED_FUNCTION = YES;
				GCC_WARN_UNUSED_VARIABLE = YES;
				IPHONEOS_DEPLOYMENT_TARGET = 14.5;
				MTL_ENABLE_DEBUG_INFO = INCLUDE_SOURCE;
				MTL_FAST_MATH = YES;
				ONLY_ACTIVE_ARCH = YES;
				SDKROOT = iphoneos;
				SWIFT_ACTIVE_COMPILATION_CONDITIONS = DEBUG;
				SWIFT_OPTIMIZATION_LEVEL = "-Onone";
			};
			name = Debug;
		};
		CF1B88F5272DFE66001DF2AD /* Release */ = {
			isa = XCBuildConfiguration;
			buildSettings = {
				ALWAYS_SEARCH_USER_PATHS = NO;
				CLANG_ANALYZER_LOCALIZABILITY_NONLOCALIZED = YES;
				CLANG_ANALYZER_NONNULL = YES;
				CLANG_ANALYZER_NUMBER_OBJECT_CONVERSION = YES_AGGRESSIVE;
				CLANG_CXX_LANGUAGE_STANDARD = "gnu++14";
				CLANG_CXX_LIBRARY = "libc++";
				CLANG_ENABLE_MODULES = YES;
				CLANG_ENABLE_OBJC_ARC = YES;
				CLANG_ENABLE_OBJC_WEAK = YES;
				CLANG_WARN_BLOCK_CAPTURE_AUTORELEASING = YES;
				CLANG_WARN_BOOL_CONVERSION = YES;
				CLANG_WARN_COMMA = YES;
				CLANG_WARN_CONSTANT_CONVERSION = YES;
				CLANG_WARN_DEPRECATED_OBJC_IMPLEMENTATIONS = YES;
				CLANG_WARN_DIRECT_OBJC_ISA_USAGE = YES_ERROR;
				CLANG_WARN_DOCUMENTATION_COMMENTS = YES;
				CLANG_WARN_EMPTY_BODY = YES;
				CLANG_WARN_ENUM_CONVERSION = YES;
				CLANG_WARN_INFINITE_RECURSION = YES;
				CLANG_WARN_INT_CONVERSION = YES;
				CLANG_WARN_NON_LITERAL_NULL_CONVERSION = YES;
				CLANG_WARN_OBJC_IMPLICIT_RETAIN_SELF = YES;
				CLANG_WARN_OBJC_LITERAL_CONVERSION = YES;
				CLANG_WARN_OBJC_ROOT_CLASS = YES_ERROR;
				CLANG_WARN_QUOTED_INCLUDE_IN_FRAMEWORK_HEADER = YES;
				CLANG_WARN_RANGE_LOOP_ANALYSIS = YES;
				CLANG_WARN_STRICT_PROTOTYPES = YES;
				CLANG_WARN_SUSPICIOUS_MOVE = YES;
				CLANG_WARN_UNGUARDED_AVAILABILITY = YES_AGGRESSIVE;
				CLANG_WARN_UNREACHABLE_CODE = YES;
				CLANG_WARN__DUPLICATE_METHOD_MATCH = YES;
				COPY_PHASE_STRIP = NO;
				DEBUG_INFORMATION_FORMAT = "dwarf-with-dsym";
				ENABLE_NS_ASSERTIONS = NO;
				ENABLE_STRICT_OBJC_MSGSEND = YES;
				GCC_C_LANGUAGE_STANDARD = gnu11;
				GCC_NO_COMMON_BLOCKS = YES;
				GCC_WARN_64_TO_32_BIT_CONVERSION = YES;
				GCC_WARN_ABOUT_RETURN_TYPE = YES_ERROR;
				GCC_WARN_UNDECLARED_SELECTOR = YES;
				GCC_WARN_UNINITIALIZED_AUTOS = YES_AGGRESSIVE;
				GCC_WARN_UNUSED_FUNCTION = YES;
				GCC_WARN_UNUSED_VARIABLE = YES;
				IPHONEOS_DEPLOYMENT_TARGET = 14.5;
				MTL_ENABLE_DEBUG_INFO = NO;
				MTL_FAST_MATH = YES;
				SDKROOT = iphoneos;
				SWIFT_COMPILATION_MODE = wholemodule;
				SWIFT_OPTIMIZATION_LEVEL = "-O";
				VALIDATE_PRODUCT = YES;
			};
			name = Release;
		};
		CF1B88F7272DFE66001DF2AD /* Debug */ = {
			isa = XCBuildConfiguration;
			baseConfigurationReference = 648507E8383479BF6FCB366E /* Pods-Instagram Clone.debug.xcconfig */;
			buildSettings = {
				ASSETCATALOG_COMPILER_APPICON_NAME = AppIcon;
				ASSETCATALOG_COMPILER_GLOBAL_ACCENT_COLOR_NAME = AccentColor;
				CODE_SIGN_STYLE = Automatic;
				INFOPLIST_FILE = "Instagram Clone/Info.plist";
				IPHONEOS_DEPLOYMENT_TARGET = 13.0;
				LD_RUNPATH_SEARCH_PATHS = (
					"$(inherited)",
					"@executable_path/Frameworks",
				);
				PRODUCT_BUNDLE_IDENTIFIER = "com.wbhdev.Instagram-Clone";
				PRODUCT_NAME = "$(TARGET_NAME)";
				SWIFT_VERSION = 5.0;
				TARGETED_DEVICE_FAMILY = "1,2";
			};
			name = Debug;
		};
		CF1B88F8272DFE66001DF2AD /* Release */ = {
			isa = XCBuildConfiguration;
			baseConfigurationReference = 513B98ADE4F8B40569BF2EEE /* Pods-Instagram Clone.release.xcconfig */;
			buildSettings = {
				ASSETCATALOG_COMPILER_APPICON_NAME = AppIcon;
				ASSETCATALOG_COMPILER_GLOBAL_ACCENT_COLOR_NAME = AccentColor;
				CODE_SIGN_STYLE = Automatic;
				INFOPLIST_FILE = "Instagram Clone/Info.plist";
				IPHONEOS_DEPLOYMENT_TARGET = 13.0;
				LD_RUNPATH_SEARCH_PATHS = (
					"$(inherited)",
					"@executable_path/Frameworks",
				);
				PRODUCT_BUNDLE_IDENTIFIER = "com.wbhdev.Instagram-Clone";
				PRODUCT_NAME = "$(TARGET_NAME)";
				SWIFT_VERSION = 5.0;
				TARGETED_DEVICE_FAMILY = "1,2";
			};
			name = Release;
		};
		CF1B88FA272DFE66001DF2AD /* Debug */ = {
			isa = XCBuildConfiguration;
			baseConfigurationReference = 1E2863BAC0ED3F0182685248 /* Pods-Instagram CloneTests.debug.xcconfig */;
			buildSettings = {
				ALWAYS_EMBED_SWIFT_STANDARD_LIBRARIES = YES;
				BUNDLE_LOADER = "$(TEST_HOST)";
				CODE_SIGN_STYLE = Automatic;
				INFOPLIST_FILE = "Instagram CloneTests/Info.plist";
				IPHONEOS_DEPLOYMENT_TARGET = 14.5;
				LD_RUNPATH_SEARCH_PATHS = (
					"$(inherited)",
					"@executable_path/Frameworks",
					"@loader_path/Frameworks",
				);
				PRODUCT_BUNDLE_IDENTIFIER = "com.wbhdev.Instagram-CloneTests";
				PRODUCT_NAME = "$(TARGET_NAME)";
				SWIFT_VERSION = 5.0;
				TARGETED_DEVICE_FAMILY = "1,2";
				TEST_HOST = "$(BUILT_PRODUCTS_DIR)/Instagram Clone.app/Instagram Clone";
			};
			name = Debug;
		};
		CF1B88FB272DFE66001DF2AD /* Release */ = {
			isa = XCBuildConfiguration;
			baseConfigurationReference = C057E331AA181B3EA09CF99E /* Pods-Instagram CloneTests.release.xcconfig */;
			buildSettings = {
				ALWAYS_EMBED_SWIFT_STANDARD_LIBRARIES = YES;
				BUNDLE_LOADER = "$(TEST_HOST)";
				CODE_SIGN_STYLE = Automatic;
				INFOPLIST_FILE = "Instagram CloneTests/Info.plist";
				IPHONEOS_DEPLOYMENT_TARGET = 14.5;
				LD_RUNPATH_SEARCH_PATHS = (
					"$(inherited)",
					"@executable_path/Frameworks",
					"@loader_path/Frameworks",
				);
				PRODUCT_BUNDLE_IDENTIFIER = "com.wbhdev.Instagram-CloneTests";
				PRODUCT_NAME = "$(TARGET_NAME)";
				SWIFT_VERSION = 5.0;
				TARGETED_DEVICE_FAMILY = "1,2";
				TEST_HOST = "$(BUILT_PRODUCTS_DIR)/Instagram Clone.app/Instagram Clone";
			};
			name = Release;
		};
		CF1B88FD272DFE66001DF2AD /* Debug */ = {
			isa = XCBuildConfiguration;
			baseConfigurationReference = E3C888FEA1CF684997C99293 /* Pods-Instagram Clone-Instagram CloneUITests.debug.xcconfig */;
			buildSettings = {
				ALWAYS_EMBED_SWIFT_STANDARD_LIBRARIES = YES;
				CODE_SIGN_STYLE = Automatic;
				INFOPLIST_FILE = "Instagram CloneUITests/Info.plist";
				LD_RUNPATH_SEARCH_PATHS = (
					"$(inherited)",
					"@executable_path/Frameworks",
					"@loader_path/Frameworks",
				);
				PRODUCT_BUNDLE_IDENTIFIER = "com.wbhdev.Instagram-CloneUITests";
				PRODUCT_NAME = "$(TARGET_NAME)";
				SWIFT_VERSION = 5.0;
				TARGETED_DEVICE_FAMILY = "1,2";
				TEST_TARGET_NAME = "Instagram Clone";
			};
			name = Debug;
		};
		CF1B88FE272DFE66001DF2AD /* Release */ = {
			isa = XCBuildConfiguration;
			baseConfigurationReference = EDFCA0A61F187FCE7594326F /* Pods-Instagram Clone-Instagram CloneUITests.release.xcconfig */;
			buildSettings = {
				ALWAYS_EMBED_SWIFT_STANDARD_LIBRARIES = YES;
				CODE_SIGN_STYLE = Automatic;
				INFOPLIST_FILE = "Instagram CloneUITests/Info.plist";
				LD_RUNPATH_SEARCH_PATHS = (
					"$(inherited)",
					"@executable_path/Frameworks",
					"@loader_path/Frameworks",
				);
				PRODUCT_BUNDLE_IDENTIFIER = "com.wbhdev.Instagram-CloneUITests";
				PRODUCT_NAME = "$(TARGET_NAME)";
				SWIFT_VERSION = 5.0;
				TARGETED_DEVICE_FAMILY = "1,2";
				TEST_TARGET_NAME = "Instagram Clone";
			};
			name = Release;
		};
/* End XCBuildConfiguration section */

/* Begin XCConfigurationList section */
		CF1B88C7272DFE64001DF2AD /* Build configuration list for PBXProject "Instagram Clone" */ = {
			isa = XCConfigurationList;
			buildConfigurations = (
				CF1B88F4272DFE66001DF2AD /* Debug */,
				CF1B88F5272DFE66001DF2AD /* Release */,
			);
			defaultConfigurationIsVisible = 0;
			defaultConfigurationName = Release;
		};
		CF1B88F6272DFE66001DF2AD /* Build configuration list for PBXNativeTarget "Instagram Clone" */ = {
			isa = XCConfigurationList;
			buildConfigurations = (
				CF1B88F7272DFE66001DF2AD /* Debug */,
				CF1B88F8272DFE66001DF2AD /* Release */,
			);
			defaultConfigurationIsVisible = 0;
			defaultConfigurationName = Release;
		};
		CF1B88F9272DFE66001DF2AD /* Build configuration list for PBXNativeTarget "Instagram CloneTests" */ = {
			isa = XCConfigurationList;
			buildConfigurations = (
				CF1B88FA272DFE66001DF2AD /* Debug */,
				CF1B88FB272DFE66001DF2AD /* Release */,
			);
			defaultConfigurationIsVisible = 0;
			defaultConfigurationName = Release;
		};
		CF1B88FC272DFE66001DF2AD /* Build configuration list for PBXNativeTarget "Instagram CloneUITests" */ = {
			isa = XCConfigurationList;
			buildConfigurations = (
				CF1B88FD272DFE66001DF2AD /* Debug */,
				CF1B88FE272DFE66001DF2AD /* Release */,
			);
			defaultConfigurationIsVisible = 0;
			defaultConfigurationName = Release;
		};
/* End XCConfigurationList section */
	};
	rootObject = CF1B88C4272DFE64001DF2AD /* Project object */;
}
